
Microsoft Visual Studio Solution File, Format Version 12.00
# Visual Studio 15
VisualStudioVersion = 15.0.26430.16
MinimumVisualStudioVersion = 10.0.40219.1
Project("{2150E333-8FDC-42A3-9474-1A3956D46DE8}") = "Commen", "Commen", "{40F104CC-F373-464A-8F7E-2EBC2CFB52AC}"
EndProject
Project("{2150E333-8FDC-42A3-9474-1A3956D46DE8}") = "Domain", "Domain", "{09321492-441C-4A13-B78A-C09117B45BF5}"
EndProject
Project("{2150E333-8FDC-42A3-9474-1A3956D46DE8}") = "Web", "Web", "{EB00CCB4-00C0-4481-957D-0FACB84582B9}"
EndProject
Project("{FAE04EC0-301F-11D3-BF4B-00C04F79EFBC}") = "MT.Core", "MT.Core\MT.Core.csproj", "{7E4575D5-3996-41BB-B77B-96E48D69DC53}"
EndProject
Project("{FAE04EC0-301F-11D3-BF4B-00C04F79EFBC}") = "MT.Data", "MT.Data\MT.Data.csproj", "{55E78580-119E-4907-AB6C-9BDB1A1AB99F}"
EndProject
Project("{FAE04EC0-301F-11D3-BF4B-00C04F79EFBC}") = "MT.Application", "MT.Application\MT.Application.csproj", "{86D3FCE8-290A-46A0-85B1-43F62E489E9F}"
EndProject
Project("{FAE04EC0-301F-11D3-BF4B-00C04F79EFBC}") = "MT.Domain", "MT.Domain\MT.Domain.csproj", "{8DAE66F0-8B72-4976-9F6D-63BA0C3CA9F9}"
EndProject
Project("{FAE04EC0-301F-11D3-BF4B-00C04F79EFBC}") = "MT.Mapping", "MT.Mapping\MT.Mapping.csproj", "{DA9DD184-4172-4058-84C4-698B0F147311}"
EndProject
Project("{FAE04EC0-301F-11D3-BF4B-00C04F79EFBC}") = "MT.Repository", "MT.Repository\MT.Repository.csproj", "{B5693A51-E5AE-4C44-BECA-3912AA4254BE}"
EndProject
Project("{FAE04EC0-301F-11D3-BF4B-00C04F79EFBC}") = "MT.Web", "MT.Web\MT.Web.csproj", "{56785967-6812-4900-A52E-F9F1B4183D20}"
EndProject
Project("{FAE04EC0-301F-11D3-BF4B-00C04F79EFBC}") = "MT.Admin", "MT.Admin\MT.Admin.csproj", "{B6EB2EB8-0DDB-431C-B73A-28B784C235D1}"
EndProject
Project("{2150E333-8FDC-42A3-9474-1A3956D46DE8}") = "Account", "Account", "{28E2CA4B-1513-4745-8FD4-EF02010BEBD3}"
EndProject
Project("{FAE04EC0-301F-11D3-BF4B-00C04F79EFBC}") = "MT.Account", "MT.Account\MT.Account.csproj", "{37AEDC40-71AC-4B2D-B912-70779B6332C3}"
EndProject
Global
	GlobalSection(SolutionConfigurationPlatforms) = preSolution
		Debug|Any CPU = Debug|Any CPU
		Release|Any CPU = Release|Any CPU
	EndGlobalSection
	GlobalSection(ProjectConfigurationPlatforms) = postSolution
		{7E4575D5-3996-41BB-B77B-96E48D69DC53}.Debug|Any CPU.ActiveCfg = Debug|Any CPU
		{7E4575D5-3996-41BB-B77B-96E48D69DC53}.Debug|Any CPU.Build.0 = Debug|Any CPU
		{7E4575D5-3996-41BB-B77B-96E48D69DC53}.Release|Any CPU.ActiveCfg = Release|Any CPU
		{7E4575D5-3996-41BB-B77B-96E48D69DC53}.Release|Any CPU.Build.0 = Release|Any CPU
		{55E78580-119E-4907-AB6C-9BDB1A1AB99F}.Debug|Any CPU.ActiveCfg = Debug|Any CPU
		{55E78580-119E-4907-AB6C-9BDB1A1AB99F}.Debug|Any CPU.Build.0 = Debug|Any CPU
		{55E78580-119E-4907-AB6C-9BDB1A1AB99F}.Release|Any CPU.ActiveCfg = Release|Any CPU
		{55E78580-119E-4907-AB6C-9BDB1A1AB99F}.Release|Any CPU.Build.0 = Release|Any CPU
		{86D3FCE8-290A-46A0-85B1-43F62E489E9F}.Debug|Any CPU.ActiveCfg = Debug|Any CPU
		{86D3FCE8-290A-46A0-85B1-43F62E489E9F}.Debug|Any CPU.Build.0 = Debug|Any CPU
		{86D3FCE8-290A-46A0-85B1-43F62E489E9F}.Release|Any CPU.ActiveCfg = Release|Any CPU
		{86D3FCE8-290A-46A0-85B1-43F62E489E9F}.Release|Any CPU.Build.0 = Release|Any CPU
		{8DAE66F0-8B72-4976-9F6D-63BA0C3CA9F9}.Debug|Any CPU.ActiveCfg = Debug|Any CPU
		{8DAE66F0-8B72-4976-9F6D-63BA0C3CA9F9}.Debug|Any CPU.Build.0 = Debug|Any CPU
		{8DAE66F0-8B72-4976-9F6D-63BA0C3CA9F9}.Release|Any CPU.ActiveCfg = Release|Any CPU
		{8DAE66F0-8B72-4976-9F6D-63BA0C3CA9F9}.Release|Any CPU.Build.0 = Release|Any CPU
		{DA9DD184-4172-4058-84C4-698B0F147311}.Debug|Any CPU.ActiveCfg = Debug|Any CPU
		{DA9DD184-4172-4058-84C4-698B0F147311}.Debug|Any CPU.Build.0 = Debug|Any CPU
		{DA9DD184-4172-4058-84C4-698B0F147311}.Release|Any CPU.ActiveCfg = Release|Any CPU
		{DA9DD184-4172-4058-84C4-698B0F147311}.Release|Any CPU.Build.0 = Release|Any CPU
		{B5693A51-E5AE-4C44-BECA-3912AA4254BE}.Debug|Any CPU.ActiveCfg = Debug|Any CPU
		{B5693A51-E5AE-4C44-BECA-3912AA4254BE}.Debug|Any CPU.Build.0 = Debug|Any CPU
		{B5693A51-E5AE-4C44-BECA-3912AA4254BE}.Release|Any CPU.ActiveCfg = Release|Any CPU
		{B5693A51-E5AE-4C44-BECA-3912AA4254BE}.Release|Any CPU.Build.0 = Release|Any CPU
		{56785967-6812-4900-A52E-F9F1B4183D20}.Debug|Any CPU.ActiveCfg = Debug|Any CPU
		{56785967-6812-4900-A52E-F9F1B4183D20}.Debug|Any CPU.Build.0 = Debug|Any CPU
		{56785967-6812-4900-A52E-F9F1B4183D20}.Release|Any CPU.ActiveCfg = Release|Any CPU
		{56785967-6812-4900-A52E-F9F1B4183D20}.Release|Any CPU.Build.0 = Release|Any CPU
		{B6EB2EB8-0DDB-431C-B73A-28B784C235D1}.Debug|Any CPU.ActiveCfg = Debug|Any CPU
		{B6EB2EB8-0DDB-431C-B73A-28B784C235D1}.Debug|Any CPU.Build.0 = Debug|Any CPU
		{B6EB2EB8-0DDB-431C-B73A-28B784C235D1}.Release|Any CPU.ActiveCfg = Release|Any CPU
		{B6EB2EB8-0DDB-431C-B73A-28B784C235D1}.Release|Any CPU.Build.0 = Release|Any CPU
		{37AEDC40-71AC-4B2D-B912-70779B6332C3}.Debug|Any CPU.ActiveCfg = Debug|Any CPU
		{37AEDC40-71AC-4B2D-B912-70779B6332C3}.Debug|Any CPU.Build.0 = Debug|Any CPU
		{37AEDC40-71AC-4B2D-B912-70779B6332C3}.Release|Any CPU.ActiveCfg = Release|Any CPU
		{37AEDC40-71AC-4B2D-B912-70779B6332C3}.Release|Any CPU.Build.0 = Release|Any CPU
	EndGlobalSection
	GlobalSection(SolutionProperties) = preSolution
		HideSolutionNode = FALSE
	EndGlobalSection
	GlobalSection(NestedProjects) = preSolution
		{7E4575D5-3996-41BB-B77B-96E48D69DC53} = {40F104CC-F373-464A-8F7E-2EBC2CFB52AC}
		{55E78580-119E-4907-AB6C-9BDB1A1AB99F} = {40F104CC-F373-464A-8F7E-2EBC2CFB52AC}
		{86D3FCE8-290A-46A0-85B1-43F62E489E9F} = {09321492-441C-4A13-B78A-C09117B45BF5}
		{8DAE66F0-8B72-4976-9F6D-63BA0C3CA9F9} = {09321492-441C-4A13-B78A-C09117B45BF5}
		{DA9DD184-4172-4058-84C4-698B0F147311} = {09321492-441C-4A13-B78A-C09117B45BF5}
		{B5693A51-E5AE-4C44-BECA-3912AA4254BE} = {09321492-441C-4A13-B78A-C09117B45BF5}
		{56785967-6812-4900-A52E-F9F1B4183D20} = {EB00CCB4-00C0-4481-957D-0FACB84582B9}
		{B6EB2EB8-0DDB-431C-B73A-28B784C235D1} = {EB00CCB4-00C0-4481-957D-0FACB84582B9}
		{37AEDC40-71AC-4B2D-B912-70779B6332C3} = {28E2CA4B-1513-4745-8FD4-EF02010BEBD3}
	EndGlobalSection
EndGlobal
